
Microsoft Visual Studio Solution File, Format Version 12.00
# Visual Studio 15
VisualStudioVersion = 15.0.27428.2015
MinimumVisualStudioVersion = 10.0.40219.1
Project("{FAE04EC0-301F-11D3-BF4B-00C04F79EFBC}") = "C-refresher-2018", "C-refresher-2018\C-refresher-2018.csproj", "{FB031F47-B4A4-4A0A-A79D-8626B3B67159}"
EndProject
Global
	GlobalSection(SolutionConfigurationPlatforms) = preSolution
		Debug|Any CPU = Debug|Any CPU
		Release|Any CPU = Release|Any CPU
	EndGlobalSection
	GlobalSection(ProjectConfigurationPlatforms) = postSolution
		{FB031F47-B4A4-4A0A-A79D-8626B3B67159}.Debug|Any CPU.ActiveCfg = Debug|Any CPU
		{FB031F47-B4A4-4A0A-A79D-8626B3B67159}.Debug|Any CPU.Build.0 = Debug|Any CPU
		{FB031F47-B4A4-4A0A-A79D-8626B3B67159}.Release|Any CPU.ActiveCfg = Release|Any CPU
		{FB031F47-B4A4-4A0A-A79D-8626B3B67159}.Release|Any CPU.Build.0 = Release|Any CPU
	EndGlobalSection
	GlobalSection(SolutionProperties) = preSolution
		HideSolutionNode = FALSE
	EndGlobalSection
	GlobalSection(ExtensibilityGlobals) = postSolution
		SolutionGuid = {189B3680-AC24-4635-ADE4-E924F4C0E914}
	EndGlobalSection
EndGlobal
